lockVersion: 2.0.0
id: dbccbcaa-cdde-434b-b972-38fb6d1127e5
management:
  docChecksum: 05946fe778ada2332ddad91587af6783
  docVersion: "2.0"
  speakeasyVersion: 1.561.0
  generationVersion: 2.628.0
  releaseVersion: 0.0.2
  configChecksum: f768ecbbc7c9536e4722c829baaa12a5
features:
  mcp-typescript:
    acceptHeaders: 0.1.0
    additionalDependencies: 0.1.0
    constsAndDefaults: 0.1.0
    core: 0.1.0
    defaultEnabledRetries: 0.1.0
    enumUnions: 0.1.0
    globalSecurity: 0.1.0
    globalSecurityCallbacks: 0.0.0
    globalServerURLs: 0.1.0
    nameOverrides: 0.1.0
    nullables: 0.1.0
    oauth2ClientCredentials: 0.1.0
    responseFormat: 0.1.0
    retries: 0.1.0
    sdkHooks: 0.1.0
    unions: 0.1.0
generatedFiles:
  - .gitattributes
  - .npmignore
  - eslint.config.mjs
  - package.json
  - src/core.ts
  - src/funcs/accounts_exchanges_create.ts
  - src/funcs/accounts_exchanges_list.ts
  - src/funcs/accounts_fundingSources_create.ts
  - src/funcs/accounts_fundingSources_list.ts
  - src/funcs/accounts_get.ts
  - src/funcs/accounts_massPayments_list.ts
  - src/funcs/accounts_transfers_list.ts
  - src/funcs/beneficialOwners_certifyOwnership.ts
  - src/funcs/beneficialOwners_delete.ts
  - src/funcs/beneficialOwners_documents_create.ts
  - src/funcs/beneficialOwners_documents_list.ts
  - src/funcs/beneficialOwners_get.ts
  - src/funcs/beneficialOwners_getOwnershipStatus.ts
  - src/funcs/beneficialOwners_update.ts
  - src/funcs/businessClassifications_get.ts
  - src/funcs/businessClassifications_list.ts
  - src/funcs/clientTokens_create.ts
  - src/funcs/customers_beneficialOwners_create.ts
  - src/funcs/customers_beneficialOwners_list.ts
  - src/funcs/customers_create.ts
  - src/funcs/customers_documents_create.ts
  - src/funcs/customers_documents_list.ts
  - src/funcs/customers_exchanges_create.ts
  - src/funcs/customers_exchanges_list.ts
  - src/funcs/customers_fundingSources_list.ts
  - src/funcs/customers_get.ts
  - src/funcs/customers_list.ts
  - src/funcs/customers_listAvailableConnections.ts
  - src/funcs/customers_update.ts
  - src/funcs/documents_get.ts
  - src/funcs/events_get.ts
  - src/funcs/events_list.ts
  - src/funcs/exchangePartners_get.ts
  - src/funcs/exchangePartners_list.ts
  - src/funcs/exchangeSessions_create.ts
  - src/funcs/exchangeSessions_get.ts
  - src/funcs/exchanges_createReAuth.ts
  - src/funcs/exchanges_get.ts
  - src/funcs/fundingSources_createForCustomer.ts
  - src/funcs/fundingSources_get.ts
  - src/funcs/fundingSources_getBalance.ts
  - src/funcs/fundingSources_getMicroDeposits.ts
  - src/funcs/fundingSources_getVanRouting.ts
  - src/funcs/fundingSources_initiateOrVerifyMicroDeposits.ts
  - src/funcs/fundingSources_updateOrRemove.ts
  - src/funcs/kba_getQuestions.ts
  - src/funcs/kba_initiate.ts
  - src/funcs/kba_verify.ts
  - src/funcs/labels_createForCustomer.ts
  - src/funcs/labels_createLedgerEntry.ts
  - src/funcs/labels_createReallocation.ts
  - src/funcs/labels_get.ts
  - src/funcs/labels_getLedgerEntry.ts
  - src/funcs/labels_getReallocation.ts
  - src/funcs/labels_listForCustomer.ts
  - src/funcs/labels_listLedgerEntries.ts
  - src/funcs/labels_remove.ts
  - src/funcs/massPayments_create.ts
  - src/funcs/massPayments_get.ts
  - src/funcs/massPayments_getItem.ts
  - src/funcs/massPayments_listForCustomer.ts
  - src/funcs/massPayments_listItems.ts
  - src/funcs/massPayments_update.ts
  - src/funcs/root_get.ts
  - src/funcs/tokens_createApplicationAccessToken.ts
  - src/funcs/transfers_cancel.ts
  - src/funcs/transfers_create.ts
  - src/funcs/transfers_createOnDemandAuthorization.ts
  - src/funcs/transfers_get.ts
  - src/funcs/transfers_getFailureReason.ts
  - src/funcs/transfers_listFees.ts
  - src/funcs/transfers_listForCustomer.ts
  - src/funcs/webhookSubscriptions_create.ts
  - src/funcs/webhookSubscriptions_delete.ts
  - src/funcs/webhookSubscriptions_get.ts
  - src/funcs/webhookSubscriptions_list.ts
  - src/funcs/webhookSubscriptions_listWebhooks.ts
  - src/funcs/webhookSubscriptions_update.ts
  - src/funcs/webhooks_get.ts
  - src/funcs/webhooks_listRetries.ts
  - src/funcs/webhooks_retry.ts
  - src/hooks/clientcredentials.ts
  - src/hooks/hooks.ts
  - src/hooks/types.ts
  - src/lib/base64.ts
  - src/lib/config.ts
  - src/lib/encodings.ts
  - src/lib/files.ts
  - src/lib/http.ts
  - src/lib/is-plain-object.ts
  - src/lib/logger.ts
  - src/lib/matchers.ts
  - src/lib/primitives.ts
  - src/lib/result.ts
  - src/lib/retries.ts
  - src/lib/schemas.ts
  - src/lib/sdks.ts
  - src/lib/security.ts
  - src/lib/url.ts
  - src/mcp-server/build.mts
  - src/mcp-server/cli.ts
  - src/mcp-server/cli/start/command.ts
  - src/mcp-server/cli/start/impl.ts
  - src/mcp-server/console-logger.ts
  - src/mcp-server/extensions.ts
  - src/mcp-server/mcp-server.ts
  - src/mcp-server/prompts.ts
  - src/mcp-server/resources.ts
  - src/mcp-server/scopes.ts
  - src/mcp-server/server.ts
  - src/mcp-server/shared.ts
  - src/mcp-server/tools.ts
  - src/mcp-server/tools/accounts_exchanges_create.ts
  - src/mcp-server/tools/accounts_exchanges_list.ts
  - src/mcp-server/tools/accounts_fundingSources_create.ts
  - src/mcp-server/tools/accounts_fundingSources_list.ts
  - src/mcp-server/tools/accounts_get.ts
  - src/mcp-server/tools/accounts_massPayments_list.ts
  - src/mcp-server/tools/accounts_transfers_list.ts
  - src/mcp-server/tools/beneficialOwners_certifyOwnership.ts
  - src/mcp-server/tools/beneficialOwners_delete.ts
  - src/mcp-server/tools/beneficialOwners_documents_create.ts
  - src/mcp-server/tools/beneficialOwners_documents_list.ts
  - src/mcp-server/tools/beneficialOwners_get.ts
  - src/mcp-server/tools/beneficialOwners_getOwnershipStatus.ts
  - src/mcp-server/tools/beneficialOwners_update.ts
  - src/mcp-server/tools/businessClassifications_get.ts
  - src/mcp-server/tools/businessClassifications_list.ts
  - src/mcp-server/tools/clientTokens_create.ts
  - src/mcp-server/tools/customers_beneficialOwners_create.ts
  - src/mcp-server/tools/customers_beneficialOwners_list.ts
  - src/mcp-server/tools/customers_create.ts
  - src/mcp-server/tools/customers_documents_create.ts
  - src/mcp-server/tools/customers_documents_list.ts
  - src/mcp-server/tools/customers_exchanges_create.ts
  - src/mcp-server/tools/customers_exchanges_list.ts
  - src/mcp-server/tools/customers_fundingSources_list.ts
  - src/mcp-server/tools/customers_get.ts
  - src/mcp-server/tools/customers_list.ts
  - src/mcp-server/tools/customers_listAvailableConnections.ts
  - src/mcp-server/tools/customers_update.ts
  - src/mcp-server/tools/documents_get.ts
  - src/mcp-server/tools/events_get.ts
  - src/mcp-server/tools/events_list.ts
  - src/mcp-server/tools/exchangePartners_get.ts
  - src/mcp-server/tools/exchangePartners_list.ts
  - src/mcp-server/tools/exchangeSessions_create.ts
  - src/mcp-server/tools/exchangeSessions_get.ts
  - src/mcp-server/tools/exchanges_createReAuth.ts
  - src/mcp-server/tools/exchanges_get.ts
  - src/mcp-server/tools/fundingSources_createForCustomer.ts
  - src/mcp-server/tools/fundingSources_get.ts
  - src/mcp-server/tools/fundingSources_getBalance.ts
  - src/mcp-server/tools/fundingSources_getMicroDeposits.ts
  - src/mcp-server/tools/fundingSources_getVanRouting.ts
  - src/mcp-server/tools/fundingSources_initiateOrVerifyMicroDeposits.ts
  - src/mcp-server/tools/fundingSources_updateOrRemove.ts
  - src/mcp-server/tools/kba_getQuestions.ts
  - src/mcp-server/tools/kba_initiate.ts
  - src/mcp-server/tools/kba_verify.ts
  - src/mcp-server/tools/labels_createForCustomer.ts
  - src/mcp-server/tools/labels_createLedgerEntry.ts
  - src/mcp-server/tools/labels_createReallocation.ts
  - src/mcp-server/tools/labels_get.ts
  - src/mcp-server/tools/labels_getLedgerEntry.ts
  - src/mcp-server/tools/labels_getReallocation.ts
  - src/mcp-server/tools/labels_listForCustomer.ts
  - src/mcp-server/tools/labels_listLedgerEntries.ts
  - src/mcp-server/tools/labels_remove.ts
  - src/mcp-server/tools/massPayments_create.ts
  - src/mcp-server/tools/massPayments_get.ts
  - src/mcp-server/tools/massPayments_getItem.ts
  - src/mcp-server/tools/massPayments_listForCustomer.ts
  - src/mcp-server/tools/massPayments_listItems.ts
  - src/mcp-server/tools/massPayments_update.ts
  - src/mcp-server/tools/root_get.ts
  - src/mcp-server/tools/tokens_createApplicationAccessToken.ts
  - src/mcp-server/tools/transfers_cancel.ts
  - src/mcp-server/tools/transfers_create.ts
  - src/mcp-server/tools/transfers_createOnDemandAuthorization.ts
  - src/mcp-server/tools/transfers_get.ts
  - src/mcp-server/tools/transfers_getFailureReason.ts
  - src/mcp-server/tools/transfers_listFees.ts
  - src/mcp-server/tools/transfers_listForCustomer.ts
  - src/mcp-server/tools/webhookSubscriptions_create.ts
  - src/mcp-server/tools/webhookSubscriptions_delete.ts
  - src/mcp-server/tools/webhookSubscriptions_get.ts
  - src/mcp-server/tools/webhookSubscriptions_list.ts
  - src/mcp-server/tools/webhookSubscriptions_listWebhooks.ts
  - src/mcp-server/tools/webhookSubscriptions_update.ts
  - src/mcp-server/tools/webhooks_get.ts
  - src/mcp-server/tools/webhooks_listRetries.ts
  - src/mcp-server/tools/webhooks_retry.ts
  - src/models/components/account.ts
  - src/models/components/achaddendaentriesnotenabledforaccounterror.ts
  - src/models/components/address.ts
  - src/models/components/availableexchangeconnections.ts
  - src/models/components/badrequesterror.ts
  - src/models/components/badrequestschema.ts
  - src/models/components/beneficialowner.ts
  - src/models/components/beneficialowners.ts
  - src/models/components/beneficialownership.ts
  - src/models/components/beneficialownerwithpassport.ts
  - src/models/components/beneficialownerwithssn.ts
  - src/models/components/businessclassification.ts
  - src/models/components/businessclassifications.ts
  - src/models/components/cannotparseamounterror.ts
  - src/models/components/controller.ts
  - src/models/components/controllerwithpassport.ts
  - src/models/components/controllerwithssn.ts
  - src/models/components/createcustomerexchangesessionunion.ts
  - src/models/components/createcustomerfundingsourceunion.ts
  - src/models/components/createfundingsourceforaccountrequestbody.ts
  - src/models/components/createreauthexchangesessionunion.ts
  - src/models/components/createreceiveonlyrequestbody.ts
  - src/models/components/createunverifiedcustomerrequestbody.ts
  - src/models/components/createverifiedbusinessrequestbody.ts
  - src/models/components/createverifiedpersonalrequestbody.ts
  - src/models/components/createverifiedsoleproprequestbody.ts
  - src/models/components/customer.ts
  - src/models/components/customers.ts
  - src/models/components/deactivatecustomer.ts
  - src/models/components/depositaccountrestrictederror.ts
  - src/models/components/destinationaddendamaxlengtherror.ts
  - src/models/components/destinationprocessingchannelnotsupportederror.ts
  - src/models/components/destinationremittancedatamaxlengtherror.ts
  - src/models/components/directaccountwithoutbankerror.ts
  - src/models/components/document.ts
  - src/models/components/documents.ts
  - src/models/components/duplicateresourceschema.ts
  - src/models/components/event.ts
  - src/models/components/events.ts
  - src/models/components/exchange.ts
  - src/models/components/exchangepartner.ts
  - src/models/components/exchangepartners.ts
  - src/models/components/exchanges.ts
  - src/models/components/exchangesession.ts
  - src/models/components/expiredkbasessionerror.ts
  - src/models/components/facilitatorfeeaccountnotfounderror.ts
  - src/models/components/facilitatorfeebelowminimumerror.ts
  - src/models/components/facilitatorfeesumtoolargeerror.ts
  - src/models/components/finicitysecureexchangecreateexchangerequestbody.ts
  - src/models/components/flinkssecureexchangecreateexchangerequestbody.ts
  - src/models/components/forbiddenerror.ts
  - src/models/components/fundingsource.ts
  - src/models/components/fundingsources.ts
  - src/models/components/hallink.ts
  - src/models/components/highriskerror.ts
  - src/models/components/incompatibleaddendaentrieserror.ts
  - src/models/components/incompatibleholdingserror.ts
  - src/models/components/incompatiblesourceanddestinationtypeserror.ts
  - src/models/components/incompatiblesourceforrtpdestinationerror.ts
  - src/models/components/insufficientfundserror.ts
  - src/models/components/internationaladdress.ts
  - src/models/components/invalidamountfordestinationclearingtypeerror.ts
  - src/models/components/invalidamountfordestinationprocessingchannelerror.ts
  - src/models/components/invalidamountlimiterror.ts
  - src/models/components/invalidattempttofacilitatefundserror.ts
  - src/models/components/invalidattempttopayinfundserror.ts
  - src/models/components/invalidattempttopayoutfundserror.ts
  - src/models/components/invalidcorrelationiderror.ts
  - src/models/components/invaliddestinationbankaccounttypeerror.ts
  - src/models/components/invaliddestinationclearingtypeerror.ts
  - src/models/components/invaliddestinationfundingsourceerror.ts
  - src/models/components/invalidexchange.ts
  - src/models/components/invalidexchangetoken.ts
  - src/models/components/invalidfacilitatorerror.ts
  - src/models/components/invalidfacilitatorfeeamounterror.ts
  - src/models/components/invalidfacilitatorfeecollectfromcombinationerror.ts
  - src/models/components/invalidfacilitatorfeecollectfromerror.ts
  - src/models/components/invalidfeeodfierror.ts
  - src/models/components/invalidfiletypeschema.ts
  - src/models/components/invalidkbasessionerror.ts
  - src/models/components/invalidmetadataerror.ts
  - src/models/components/invalidpointofsaleaddendaaddresserror.ts
  - src/models/components/invalidpointofsaleaddendacityerror.ts
  - src/models/components/invalidpointofsaleaddendadateerror.ts
  - src/models/components/invalidpointofsaleaddendaidentificationcodeerror.ts
  - src/models/components/invalidpointofsaleaddendaserialnumbererror.ts
  - src/models/components/invalidpointofsaleaddendastateerror.ts
  - src/models/components/invalidresourcestateschema.ts
  - src/models/components/invalidsourcebankaccounttypeerror.ts
  - src/models/components/invalidsourcefundingsourceerror.ts
  - src/models/components/invalidurlformaterror.ts
  - src/models/components/label.ts
  - src/models/components/labelledgerentries.ts
  - src/models/components/labelledgerentry.ts
  - src/models/components/labels.ts
  - src/models/components/masspayment.ts
  - src/models/components/masspaymentitem.ts
  - src/models/components/masspayments.ts
  - src/models/components/maximumnumberofresourcesschema.ts
  - src/models/components/maxsubscriptionsreachederror.ts
  - src/models/components/mxopenbankingcreateexchangerequestbody.ts
  - src/models/components/mxsecureexchangecreateexchangerequestbody.ts
  - src/models/components/notauthorizedschema.ts
  - src/models/components/notfounderror.ts
  - src/models/components/ondemandauthorization.ts
  - src/models/components/operationblockederror.ts
  - src/models/components/passport.ts
  - src/models/components/plaidopenbankingcreateexchangerequestbody.ts
  - src/models/components/plaidsecureexchangecreateexchangerequestbody.ts
  - src/models/components/pointofsaleaddendaentriesnotenabledforaccounterror.ts
  - src/models/components/reactivatecustomer.ts
  - src/models/components/receivernotfounderror.ts
  - src/models/components/receiverrestrictederror.ts
  - src/models/components/removebank.ts
  - src/models/components/retryverifiedbusiness.ts
  - src/models/components/retryverifiedpersonal.ts
  - src/models/components/retryverifiedsoleprop.ts
  - src/models/components/root.ts
  - src/models/components/rtpaccountsettingnotenablederror.ts
  - src/models/components/rtpfacilitatorfeenotsupportederror.ts
  - src/models/components/rtppersonaltopersonalnotsupportederror.ts
  - src/models/components/rtpunverifiedsendernotsupportederror.ts
  - src/models/components/schemeclientcredentials.ts
  - src/models/components/secrettoolongerror.ts
  - src/models/components/security.ts
  - src/models/components/senderrestrictederror.ts
  - src/models/components/sourceaddendamaxlengtherror.ts
  - src/models/components/sourcenotfounderror.ts
  - src/models/components/sourcesameasdestinationerror.ts
  - src/models/components/statusinvaliderror.ts
  - src/models/components/statusnotallowederror.ts
  - src/models/components/suspendcustomer.ts
  - src/models/components/toomanyrequestserror.ts
  - src/models/components/toomanyrequestserrorerror.ts
  - src/models/components/transfer.ts
  - src/models/components/transferamount.ts
  - src/models/components/transferexpiredforfeeerror.ts
  - src/models/components/transfers.ts
  - src/models/components/unverifiedbusinesscustomer.ts
  - src/models/components/unverifiedcustomer.ts
  - src/models/components/updateunverifiedandreceiveonly.ts
  - src/models/components/updateunverifiedbank.ts
  - src/models/components/updateverifiedbank.ts
  - src/models/components/updateverifiedbusiness.ts
  - src/models/components/updateverifiedpersonal.ts
  - src/models/components/upgradetoverifiedbusiness.ts
  - src/models/components/upgradetoverifiedpersonal.ts
  - src/models/components/upgradetoverifiedsoleprop.ts
  - src/models/components/validationerrorschema.ts
  - src/models/components/verifiedbusinesscustomer.ts
  - src/models/components/verifiedpersonalcustomer.ts
  - src/models/components/verifiedsolepropcustomer.ts
  - src/models/components/verifymicrodeposits.ts
  - src/models/components/webhook.ts
  - src/models/components/webhookretries.ts
  - src/models/components/webhooksubscription.ts
  - src/models/components/weeklyreceivelimitreachederror.ts
  - src/models/components/wireaccountnotfounderror.ts
  - src/models/components/wireaccountrestrictederror.ts
  - src/models/components/wireinvalidimaderror.ts
  - src/models/components/wirenotenablederror.ts
  - src/models/components/withdrawaccountrestrictederror.ts
  - src/models/components/withdrawinvalidamounterror.ts
  - src/models/components/withdrawinvalidamountforclearingtypeerror.ts
  - src/models/components/withdrawinvalidfundingsourceerror.ts
  - src/models/components/withdrawinvalidwirebeneficiarycountryerror.ts
  - src/models/components/withdrawinvalidwirebeneficiarylocalityerror.ts
  - src/models/components/withdrawinvalidwirebeneficiaryregionerror.ts
  - src/models/components/withdrawinvalidwireoriginatortobeneficiaryerror.ts
  - src/models/components/withdrawprocessingchannelnotsupportederror.ts
  - src/models/components/withdrawrtppersonalwithdrawalnotsupportederror.ts
  - src/models/components/withdrawrtpunverifiedsendernotsupportederror.ts
  - src/models/errors/apierror.ts
  - src/models/errors/httpclienterrors.ts
  - src/models/errors/sdkvalidationerror.ts
  - src/models/operations/canceltransfer.ts
  - src/models/operations/certifybeneficialownershipforcustomer.ts
  - src/models/operations/createaccountexchange.ts
  - src/models/operations/createapplicationaccesstoken.ts
  - src/models/operations/createbeneficialownerdocument.ts
  - src/models/operations/createbeneficialownerforcustomer.ts
  - src/models/operations/createclienttoken.ts
  - src/models/operations/createcustomer.ts
  - src/models/operations/createcustomerdocument.ts
  - src/models/operations/createcustomerexchange.ts
  - src/models/operations/createcustomerexchangesession.ts
  - src/models/operations/createcustomerfundingsource.ts
  - src/models/operations/createcustomerlabel.ts
  - src/models/operations/createfundingsource.ts
  - src/models/operations/createlabelledgerentry.ts
  - src/models/operations/createlabelreallocation.ts
  - src/models/operations/createondemandtransferauthorization.ts
  - src/models/operations/createreauthexchangesession.ts
  - src/models/operations/createwebhooksubscription.ts
  - src/models/operations/delete.ts
  - src/models/operations/deletebeneficialowner.ts
  - src/models/operations/getaccount.ts
  - src/models/operations/getbeneficialownershipstatusforcustomer.ts
  - src/models/operations/getcustomer.ts
  - src/models/operations/getdocument.ts
  - src/models/operations/getevent.ts
  - src/models/operations/getexchange.ts
  - src/models/operations/getexchangepartner.ts
  - src/models/operations/getfundingsource.ts
  - src/models/operations/getfundingsourcebalance.ts
  - src/models/operations/getkbaquestions.ts
  - src/models/operations/getlabel.ts
  - src/models/operations/getlabelledgerentry.ts
  - src/models/operations/getmasspayment.ts
  - src/models/operations/getmasspaymentitem.ts
  - src/models/operations/getmicrodeposits.ts
  - src/models/operations/getroot.ts
  - src/models/operations/gettransfer.ts
  - src/models/operations/gettransferfailurereason.ts
  - src/models/operations/getvanrouting.ts
  - src/models/operations/getwebhook.ts
  - src/models/operations/getwebhooksubscription.ts
  - src/models/operations/initiatekbaforcustomer.ts
  - src/models/operations/initiatemasspayment.ts
  - src/models/operations/initiateorverifymicrodeposits.ts
  - src/models/operations/initiatetransfer.ts
  - src/models/operations/listaccountexchanges.ts
  - src/models/operations/listandsearchcustomers.ts
  - src/models/operations/listandsearchtransfers.ts
  - src/models/operations/listavailableexchangeconnections.ts
  - src/models/operations/listbeneficialownerdocuments.ts
  - src/models/operations/listbeneficialownersforcustomer.ts
  - src/models/operations/listbusinessclassifications.ts
  - src/models/operations/listcustomerdocuments.ts
  - src/models/operations/listcustomerexchanges.ts
  - src/models/operations/listcustomerfundingsources.ts
  - src/models/operations/listcustomerlabels.ts
  - src/models/operations/listcustomermasspayments.ts
  - src/models/operations/listcustomertransfers.ts
  - src/models/operations/listevents.ts
  - src/models/operations/listexchangepartners.ts
  - src/models/operations/listfundingsources.ts
  - src/models/operations/listlabelledgerentries.ts
  - src/models/operations/listmasspaymentitems.ts
  - src/models/operations/listmasspayments.ts
  - src/models/operations/listtransferfees.ts
  - src/models/operations/listwebhookretries.ts
  - src/models/operations/listwebhooks.ts
  - src/models/operations/listwebhooksubscriptions.ts
  - src/models/operations/removelabel.ts
  - src/models/operations/retrievebeneficialowner.ts
  - src/models/operations/retrievebusinessclassification.ts
  - src/models/operations/retrievecustomerexchangesession.ts
  - src/models/operations/retrievelabelreallocation.ts
  - src/models/operations/retrywebhook.ts
  - src/models/operations/update.ts
  - src/models/operations/updatebeneficialowner.ts
  - src/models/operations/updatemasspayment.ts
  - src/models/operations/updateorremovefundingsource.ts
  - src/models/operations/updatewebhooksubscription.ts
  - src/models/operations/verify.ts
  - src/types/async.ts
  - src/types/blobs.ts
  - src/types/enums.ts
  - src/types/fp.ts
  - src/types/rfcdate.ts
  - src/types/streams.ts
  - tsconfig.json
examplesVersion: 1.0.2
generatedTests: {}
