lockVersion: 2.0.0
id: dbccbcaa-cdde-434b-b972-38fb6d1127e5
management:
  docChecksum: e2a0c1692b6a76159a9bfe0aba3958df
  docVersion: "2.0"
  speakeasyVersion: 1.621.0
  generationVersion: 2.707.0
  releaseVersion: 0.0.1-beta.5
  configChecksum: 0f93c684b175f5a065fc169c8dd773f4
  repoURL: https://github.com/Dwolla/dwolla-mcp.git
  published: true
features:
  mcp-typescript:
    additionalDependencies: 0.1.0
    constsAndDefaults: 0.1.0
    core: 0.4.0
    defaultEnabledRetries: 0.1.0
    enumUnions: 0.1.0
    globalSecurity: 0.1.1
    globalSecurityCallbacks: 0.0.0
    globalServerURLs: 0.1.0
    nameOverrides: 0.1.0
    responseFormat: 0.1.0
    retries: 0.1.0
    sdkHooks: 0.2.0
    unions: 0.1.0
generatedFiles:
  - .dxtignore
  - .gitattributes
  - .npmignore
  - eslint.config.mjs
  - manifest.json
  - package.json
  - src/core.ts
  - src/funcs/accountsExchangesList.ts
  - src/funcs/accountsFundingSourcesList.ts
  - src/funcs/accountsGet.ts
  - src/funcs/accountsMassPaymentsList.ts
  - src/funcs/accountsTransfersList.ts
  - src/funcs/beneficialOwnersDocumentsList.ts
  - src/funcs/businessClassificationsList.ts
  - src/funcs/customersBeneficialOwnersList.ts
  - src/funcs/customersBeneficialOwnershipGet.ts
  - src/funcs/customersDocumentsList.ts
  - src/funcs/customersExchangesList.ts
  - src/funcs/customersFundingSourcesList.ts
  - src/funcs/customersLabelsList.ts
  - src/funcs/customersList.ts
  - src/funcs/customersListAvailableConnections.ts
  - src/funcs/customersMassPaymentsList.ts
  - src/funcs/customersTransfersList.ts
  - src/funcs/eventsList.ts
  - src/funcs/exchangePartnersList.ts
  - src/funcs/fundingSourcesBalanceGet.ts
  - src/funcs/fundingSourcesGet.ts
  - src/funcs/fundingSourcesMicroDepositsGetMicroDeposits.ts
  - src/funcs/massPaymentsItemsList.ts
  - src/funcs/transfersFailureGet.ts
  - src/funcs/transfersFeesList.ts
  - src/funcs/webhookSubscriptionsList.ts
  - src/funcs/webhookSubscriptionsWebhooksList.ts
  - src/hooks/hooks.ts
  - src/hooks/types.ts
  - src/lib/base64.ts
  - src/lib/config.ts
  - src/lib/dlv.ts
  - src/lib/encodings.ts
  - src/lib/files.ts
  - src/lib/http.ts
  - src/lib/is-plain-object.ts
  - src/lib/logger.ts
  - src/lib/matchers.ts
  - src/lib/primitives.ts
  - src/lib/result.ts
  - src/lib/retries.ts
  - src/lib/schemas.ts
  - src/lib/sdks.ts
  - src/lib/security.ts
  - src/lib/url.ts
  - src/mcp-server/build.mts
  - src/mcp-server/cli.ts
  - src/mcp-server/cli/start/command.ts
  - src/mcp-server/cli/start/impl.ts
  - src/mcp-server/console-logger.ts
  - src/mcp-server/extensions.ts
  - src/mcp-server/mcp-server.ts
  - src/mcp-server/prompts.ts
  - src/mcp-server/resources.ts
  - src/mcp-server/scopes.ts
  - src/mcp-server/server.ts
  - src/mcp-server/shared.ts
  - src/mcp-server/tools.ts
  - src/mcp-server/tools/accountsExchangesList.ts
  - src/mcp-server/tools/accountsFundingSourcesList.ts
  - src/mcp-server/tools/accountsGet.ts
  - src/mcp-server/tools/accountsMassPaymentsList.ts
  - src/mcp-server/tools/accountsTransfersList.ts
  - src/mcp-server/tools/beneficialOwnersDocumentsList.ts
  - src/mcp-server/tools/businessClassificationsList.ts
  - src/mcp-server/tools/customersBeneficialOwnersList.ts
  - src/mcp-server/tools/customersBeneficialOwnershipGet.ts
  - src/mcp-server/tools/customersDocumentsList.ts
  - src/mcp-server/tools/customersExchangesList.ts
  - src/mcp-server/tools/customersFundingSourcesList.ts
  - src/mcp-server/tools/customersLabelsList.ts
  - src/mcp-server/tools/customersList.ts
  - src/mcp-server/tools/customersListAvailableConnections.ts
  - src/mcp-server/tools/customersMassPaymentsList.ts
  - src/mcp-server/tools/customersTransfersList.ts
  - src/mcp-server/tools/eventsList.ts
  - src/mcp-server/tools/exchangePartnersList.ts
  - src/mcp-server/tools/fundingSourcesBalanceGet.ts
  - src/mcp-server/tools/fundingSourcesGet.ts
  - src/mcp-server/tools/fundingSourcesMicroDepositsGetMicroDeposits.ts
  - src/mcp-server/tools/massPaymentsItemsList.ts
  - src/mcp-server/tools/transfersFailureGet.ts
  - src/mcp-server/tools/transfersFeesList.ts
  - src/mcp-server/tools/webhookSubscriptionsList.ts
  - src/mcp-server/tools/webhookSubscriptionsWebhooksList.ts
  - src/models/account.ts
  - src/models/address.ts
  - src/models/availableexchangeconnections.ts
  - src/models/beneficialowner.ts
  - src/models/beneficialowners.ts
  - src/models/beneficialownership.ts
  - src/models/businessclassification.ts
  - src/models/businessclassifications.ts
  - src/models/customers.ts
  - src/models/document.ts
  - src/models/documents.ts
  - src/models/errors/apierror.ts
  - src/models/errors/httpclienterrors.ts
  - src/models/errors/sdkvalidationerror.ts
  - src/models/event.ts
  - src/models/events.ts
  - src/models/exchange.ts
  - src/models/exchangepartner.ts
  - src/models/exchangepartners.ts
  - src/models/exchanges.ts
  - src/models/forbiddenerror.ts
  - src/models/fundingsource.ts
  - src/models/fundingsources.ts
  - src/models/getaccountop.ts
  - src/models/getbeneficialownershipstatusforcustomerop.ts
  - src/models/getfundingsourcebalanceop.ts
  - src/models/getfundingsourceop.ts
  - src/models/getmicrodepositsop.ts
  - src/models/gettransferfailurereasonop.ts
  - src/models/hallink.ts
  - src/models/label.ts
  - src/models/labels.ts
  - src/models/listaccountexchangesop.ts
  - src/models/listandsearchcustomersop.ts
  - src/models/listandsearchtransfersop.ts
  - src/models/listavailableexchangeconnectionsop.ts
  - src/models/listbeneficialownerdocumentsop.ts
  - src/models/listbeneficialownersforcustomerop.ts
  - src/models/listbusinessclassificationsop.ts
  - src/models/listcustomerdocumentsop.ts
  - src/models/listcustomerexchangesop.ts
  - src/models/listcustomerfundingsourcesop.ts
  - src/models/listcustomerlabelsop.ts
  - src/models/listcustomermasspaymentsop.ts
  - src/models/listcustomertransfersop.ts
  - src/models/listeventsop.ts
  - src/models/listexchangepartnersop.ts
  - src/models/listfundingsourcesop.ts
  - src/models/listmasspaymentitemsop.ts
  - src/models/listmasspaymentsop.ts
  - src/models/listtransferfeesop.ts
  - src/models/listwebhooksop.ts
  - src/models/listwebhooksubscriptionsop.ts
  - src/models/masspayment.ts
  - src/models/masspaymentitem.ts
  - src/models/masspayments.ts
  - src/models/notfounderror.ts
  - src/models/security.ts
  - src/models/transfer.ts
  - src/models/transferamount.ts
  - src/models/transfers.ts
  - src/models/unverifiedbusinesscustomer.ts
  - src/models/unverifiedcustomer.ts
  - src/models/verifiedbusinesscustomer.ts
  - src/models/verifiedpersonalcustomer.ts
  - src/models/verifiedsolepropcustomer.ts
  - src/models/webhook.ts
  - src/models/webhooksubscription.ts
  - src/types/async.ts
  - src/types/blobs.ts
  - src/types/enums.ts
  - src/types/fp.ts
  - src/types/rfcdate.ts
  - src/types/streams.ts
  - tsconfig.json
examplesVersion: 1.0.2
generatedTests: {}
