speakeasyVersion: 1.685.0
sources:
    Dwolla API:
        sourceNamespace: dwolla-api
        sourceRevisionDigest: sha256:baea386d3b9f54036166d6973e3ad027e94feb95c63412ccb84baa86e8606014
        sourceBlobDigest: sha256:fbf93c3abe720b18e809213df76baaefc88ec73a8d9879add156f17bd0940f1e
        tags:
            - latest
            - speakeasy-sdk-regen-1768351043
            - "2.0"
targets:
    dwolla-mcp:
        source: Dwolla API
        sourceNamespace: dwolla-api
        sourceRevisionDigest: sha256:baea386d3b9f54036166d6973e3ad027e94feb95c63412ccb84baa86e8606014
        sourceBlobDigest: sha256:fbf93c3abe720b18e809213df76baaefc88ec73a8d9879add156f17bd0940f1e
workflow:
    workflowVersion: 1.0.0
    speakeasyVersion: latest
    sources:
        Dwolla API:
            inputs:
                - location: https://raw.githubusercontent.com/Dwolla/dwolla-openapi/refs/heads/main/openapi.yml
            overlays:
                - location: ./.speakeasy/mcp-overlay.yaml
            output: ./generated/openapi/openapi-mcp.yaml
            registry:
                location: registry.speakeasyapi.dev/dwolla/dwolla/dwolla-api
    targets:
        dwolla-mcp:
            target: mcp-typescript
            source: Dwolla API
            publish:
                npm:
                    token: $npm_token
