speakeasyVersion: 1.648.1
sources:
    Dwolla API:
        sourceNamespace: dwolla-api
        sourceRevisionDigest: sha256:7cfef6ddb6d689c0e276b74a1c8f0f4e67c21af0806207468ffcaece22f5e499
        sourceBlobDigest: sha256:a3d080982f24f74e1f62684f3cec9293ce80caf8fcec585b99780c7c44a6866b
        tags:
            - latest
            - speakeasy-sdk-regen-1761870734
            - "2.0"
targets:
    dwolla-mcp:
        source: Dwolla API
        sourceNamespace: dwolla-api
        sourceRevisionDigest: sha256:7cfef6ddb6d689c0e276b74a1c8f0f4e67c21af0806207468ffcaece22f5e499
        sourceBlobDigest: sha256:a3d080982f24f74e1f62684f3cec9293ce80caf8fcec585b99780c7c44a6866b
workflow:
    workflowVersion: 1.0.0
    speakeasyVersion: latest
    sources:
        Dwolla API:
            inputs:
                - location: https://raw.githubusercontent.com/Dwolla/dwolla-openapi/refs/heads/main/openapi.yml
            overlays:
                - location: ./.speakeasy/mcp-overlay.yaml
            output: ./generated/openapi/openapi-mcp.yaml
            registry:
                location: registry.speakeasyapi.dev/dwolla/dwolla/dwolla-api
    targets:
        dwolla-mcp:
            target: mcp-typescript
            source: Dwolla API
            publish:
                npm:
                    token: $npm_token
