speakeasyVersion: 1.630.0
sources:
    Dwolla API:
        sourceNamespace: dwolla-api
        sourceRevisionDigest: sha256:59ff5b356bd633fe635a440cfdd849ea705e74bb0c57b787cab41eba2b0df2ab
        sourceBlobDigest: sha256:a55d98ab04a929cfd38f04e6f1319345703df15e207718ec823ad5d040558758
        tags:
            - latest
            - "2.0"
targets:
    dwolla-mcp:
        source: Dwolla API
        sourceNamespace: dwolla-api
        sourceRevisionDigest: sha256:59ff5b356bd633fe635a440cfdd849ea705e74bb0c57b787cab41eba2b0df2ab
        sourceBlobDigest: sha256:a55d98ab04a929cfd38f04e6f1319345703df15e207718ec823ad5d040558758
workflow:
    workflowVersion: 1.0.0
    speakeasyVersion: latest
    sources:
        Dwolla API:
            inputs:
                - location: https://raw.githubusercontent.com/Dwolla/dwolla-openapi/refs/heads/main/openapi.yml
            overlays:
                - location: ./.speakeasy/mcp-overlay.yaml
            output: ./generated/openapi/openapi-mcp.yaml
            registry:
                location: registry.speakeasyapi.dev/dwolla/dwolla/dwolla-api
    targets:
        dwolla-mcp:
            target: mcp-typescript
            source: Dwolla API
            publish:
                npm:
                    token: $npm_token
